
Microsoft Visual Studio Solution File, Format Version 12.00
# Visual Studio 2013
VisualStudioVersion = 12.0.31101.0
MinimumVisualStudioVersion = 10.0.40219.1
Project("{FAE04EC0-301F-11D3-BF4B-00C04F79EFBC}") = "Countdown", "Countdown\Countdown.csproj", "{9EAF5429-B385-4C7A-9298-5167DD56F346}"
EndProject
Project("{FAE04EC0-301F-11D3-BF4B-00C04F79EFBC}") = "Countdown.Tests", "Countdown.Tests\Countdown.Tests.csproj", "{4A0FB411-DF80-40FA-973D-086C85CB0389}"
EndProject
Global
	GlobalSection(SolutionConfigurationPlatforms) = preSolution
		Debug|Any CPU = Debug|Any CPU
		Release|Any CPU = Release|Any CPU
	EndGlobalSection
	GlobalSection(ProjectConfigurationPlatforms) = postSolution
		{9EAF5429-B385-4C7A-9298-5167DD56F346}.Debug|Any CPU.ActiveCfg = Debug|Any CPU
		{9EAF5429-B385-4C7A-9298-5167DD56F346}.Debug|Any CPU.Build.0 = Debug|Any CPU
		{9EAF5429-B385-4C7A-9298-5167DD56F346}.Release|Any CPU.ActiveCfg = Release|Any CPU
		{9EAF5429-B385-4C7A-9298-5167DD56F346}.Release|Any CPU.Build.0 = Release|Any CPU
		{4A0FB411-DF80-40FA-973D-086C85CB0389}.Debug|Any CPU.ActiveCfg = Debug|Any CPU
		{4A0FB411-DF80-40FA-973D-086C85CB0389}.Debug|Any CPU.Build.0 = Debug|Any CPU
		{4A0FB411-DF80-40FA-973D-086C85CB0389}.Release|Any CPU.ActiveCfg = Release|Any CPU
		{4A0FB411-DF80-40FA-973D-086C85CB0389}.Release|Any CPU.Build.0 = Release|Any CPU
	EndGlobalSection
	GlobalSection(SolutionProperties) = preSolution
		HideSolutionNode = FALSE
	EndGlobalSection
EndGlobal
